{
	"requires": true,
	"lockfileVersion": 1,
	"dependencies": {
		"@types/node": {
			"version": "8.0.27",
			"resolved": "https://registry.npmjs.org/@types/node/-/node-8.0.27.tgz",
			"integrity": "sha512-MiOd5TB6ftlOw6gLY3XdF0s/9YoTo172A6qGzi5I1SJy2dRZqg/LAHGTJMm1XFWx7kuYkbVW0sp/z3OP7VnkjQ=="
		},
		"ansi-styles": {
			"version": "3.2.0",
			"resolved": "https://registry.npmjs.org/ansi-styles/-/ansi-styles-3.2.0.tgz",
			"integrity": "sha512-NnSOmMEYtVR2JVMIGTzynRkkaxtiq1xnFBcdQD/DnNCYPoEPsVJhM98BDyaoNOQIi7p4okdi3E27eN7GQbsUug==",
			"requires": {
				"color-convert": "1.9.0"
			}
		},
		"balanced-match": {
			"version": "1.0.0",
			"resolved": "https://registry.npmjs.org/balanced-match/-/balanced-match-1.0.0.tgz",
			"integrity": "sha1-ibTRmasr7kneFk6gK4nORi1xt2c="
		},
		"brace-expansion": {
			"version": "1.1.8",
			"resolved": "https://registry.npmjs.org/brace-expansion/-/brace-expansion-1.1.8.tgz",
			"integrity": "sha1-wHshHHyVLsH479Uad+8NHTmQopI=",
			"requires": {
				"balanced-match": "1.0.0",
				"concat-map": "0.0.1"
			}
		},
		"camel-case": {
			"version": "3.0.0",
			"resolved": "https://registry.npmjs.org/camel-case/-/camel-case-3.0.0.tgz",
			"integrity": "sha1-yjw2iKTpzzpM2nd9xNy8cTJJz3M=",
			"requires": {
				"no-case": "2.3.2",
				"upper-case": "1.1.3"
			}
		},
		"chalk": {
			"version": "2.1.0",
			"resolved": "https://registry.npmjs.org/chalk/-/chalk-2.1.0.tgz",
			"integrity": "sha512-LUHGS/dge4ujbXMJrnihYMcL4AoOweGnw9Tp3kQuqy1Kx5c1qKjqvMJZ6nVJPMWJtKCTN72ZogH3oeSO9g9rXQ==",
			"requires": {
				"ansi-styles": "3.2.0",
				"escape-string-regexp": "1.0.5",
				"supports-color": "4.4.0"
			}
		},
		"change-case": {
			"version": "3.0.1",
			"resolved": "https://registry.npmjs.org/change-case/-/change-case-3.0.1.tgz",
			"integrity": "sha1-7l9a0EFa0a2egHLPSc1M+nZgpVQ=",
			"requires": {
				"camel-case": "3.0.0",
				"constant-case": "2.0.0",
				"dot-case": "2.1.1",
				"header-case": "1.0.1",
				"is-lower-case": "1.1.3",
				"is-upper-case": "1.1.2",
				"lower-case": "1.1.4",
				"lower-case-first": "1.0.2",
				"no-case": "2.3.2",
				"param-case": "2.1.1",
				"pascal-case": "2.0.1",
				"path-case": "2.1.1",
				"sentence-case": "2.1.1",
				"snake-case": "2.1.0",
				"swap-case": "1.1.2",
				"title-case": "2.1.1",
				"upper-case": "1.1.3",
				"upper-case-first": "1.1.2"
			}
		},
		"color-convert": {
			"version": "1.9.0",
			"resolved": "https://registry.npmjs.org/color-convert/-/color-convert-1.9.0.tgz",
			"integrity": "sha1-Gsz5fdc5uYO/mU1W/sj5WFNkG3o=",
			"requires": {
				"color-name": "1.1.3"
			}
		},
		"color-name": {
			"version": "1.1.3",
			"resolved": "https://registry.npmjs.org/color-name/-/color-name-1.1.3.tgz",
			"integrity": "sha1-p9BVi9icQveV3UIyj3QIMcpTvCU="
		},
		"concat-map": {
			"version": "0.0.1",
			"resolved": "https://registry.npmjs.org/concat-map/-/concat-map-0.0.1.tgz",
			"integrity": "sha1-2Klr13/Wjfd5OnMDajug1UBdR3s="
		},
		"constant-case": {
			"version": "2.0.0",
			"resolved": "https://registry.npmjs.org/constant-case/-/constant-case-2.0.0.tgz",
			"integrity": "sha1-QXV2TTidP6nI7NKRhu1gBSQ7akY=",
			"requires": {
				"snake-case": "2.1.0",
				"upper-case": "1.1.3"
			}
		},
		"css-node-extract": {
			"version": "2.0.1",
			"resolved": "https://registry.npmjs.org/css-node-extract/-/css-node-extract-2.0.1.tgz",
			"integrity": "sha512-2JoSNfzerzJ4+H35k6C3RHz0bY8F23aor3hOC78nd5LuGUFFLoeVKBl1CsYReLI0vF+BjerAaaao1agL7sAAVA==",
			"requires": {
				"change-case": "3.0.1",
				"postcss": "6.0.11"
			}
		},
		"dot-case": {
			"version": "2.1.1",
			"resolved": "https://registry.npmjs.org/dot-case/-/dot-case-2.1.1.tgz",
			"integrity": "sha1-NNzzf1Co6TwrO8qLt/uRVcfaO+4=",
			"requires": {
				"no-case": "2.3.2"
			}
		},
		"escape-string-regexp": {
			"version": "1.0.5",
			"resolved": "https://registry.npmjs.org/escape-string-regexp/-/escape-string-regexp-1.0.5.tgz",
			"integrity": "sha1-G2HAViGQqN/2rjuyzwIAyhMLhtQ="
		},
		"fs.realpath": {
			"version": "1.0.0",
			"resolved": "https://registry.npmjs.org/fs.realpath/-/fs.realpath-1.0.0.tgz",
			"integrity": "sha1-FQStJSMVjKpA20onh8sBQRmU6k8="
		},
		"glob": {
			"version": "7.1.2",
			"resolved": "https://registry.npmjs.org/glob/-/glob-7.1.2.tgz",
			"integrity": "sha512-MJTUg1kjuLeQCJ+ccE4Vpa6kKVXkPYJ2mOCQyUuKLcLQsdrMCpBPUi8qVE6+YuaJkozeA9NusTAw3hLr8Xe5EQ==",
			"requires": {
				"fs.realpath": "1.0.0",
				"inflight": "1.0.6",
				"inherits": "2.0.3",
				"minimatch": "3.0.4",
				"once": "1.4.0",
				"path-is-absolute": "1.0.1"
			}
		},
		"has-flag": {
			"version": "2.0.0",
			"resolved": "https://registry.npmjs.org/has-flag/-/has-flag-2.0.0.tgz",
			"integrity": "sha1-6CB68cx7MNRGzHC3NLXovhj4jVE="
		},
		"header-case": {
			"version": "1.0.1",
			"resolved": "https://registry.npmjs.org/header-case/-/header-case-1.0.1.tgz",
			"integrity": "sha1-lTWXMZfBRLCWE81l0xfvGZY70C0=",
			"requires": {
				"no-case": "2.3.2",
				"upper-case": "1.1.3"
			}
		},
		"inflight": {
			"version": "1.0.6",
			"resolved": "https://registry.npmjs.org/inflight/-/inflight-1.0.6.tgz",
			"integrity": "sha1-Sb1jMdfQLQwJvJEKEHW6gWW1bfk=",
			"requires": {
				"once": "1.4.0",
				"wrappy": "1.0.2"
			}
		},
		"inherits": {
			"version": "2.0.3",
			"resolved": "https://registry.npmjs.org/inherits/-/inherits-2.0.3.tgz",
			"integrity": "sha1-Yzwsg+PaQqUC9SRmAiSA9CCCYd4="
		},
		"is-lower-case": {
			"version": "1.1.3",
			"resolved": "https://registry.npmjs.org/is-lower-case/-/is-lower-case-1.1.3.tgz",
			"integrity": "sha1-fhR75HaNxGbbO/shzGCzHmrWk5M=",
			"requires": {
				"lower-case": "1.1.4"
			}
		},
		"is-upper-case": {
			"version": "1.1.2",
			"resolved": "https://registry.npmjs.org/is-upper-case/-/is-upper-case-1.1.2.tgz",
			"integrity": "sha1-jQsfp+eTOh5YSDYA7H2WYcuvdW8=",
			"requires": {
				"upper-case": "1.1.3"
			}
		},
		"lower-case": {
			"version": "1.1.4",
			"resolved": "https://registry.npmjs.org/lower-case/-/lower-case-1.1.4.tgz",
			"integrity": "sha1-miyr0bno4K6ZOkv31YdcOcQujqw="
		},
		"lower-case-first": {
			"version": "1.0.2",
			"resolved": "https://registry.npmjs.org/lower-case-first/-/lower-case-first-1.0.2.tgz",
			"integrity": "sha1-5dp8JvKacHO+AtUrrJmA5ZIq36E=",
			"requires": {
				"lower-case": "1.1.4"
			}
		},
		"minimatch": {
			"version": "3.0.4",
			"resolved": "https://registry.npmjs.org/minimatch/-/minimatch-3.0.4.tgz",
			"integrity": "sha512-yJHVQEhyqPLUTgt9B83PXu6W3rx4MvvHvSUvToogpwoGDOUQ+yDrR0HRot+yOCdCO7u4hX3pWft6kWBBcqh0UA==",
			"requires": {
				"brace-expansion": "1.1.8"
			}
		},
		"no-case": {
			"version": "2.3.2",
			"resolved": "https://registry.npmjs.org/no-case/-/no-case-2.3.2.tgz",
			"integrity": "sha512-rmTZ9kz+f3rCvK2TD1Ue/oZlns7OGoIWP4fc3llxxRXlOkHKoWPPWJOfFYpITabSow43QJbRIoHQXtt10VldyQ==",
			"requires": {
				"lower-case": "1.1.4"
			}
		},
		"once": {
			"version": "1.4.0",
			"resolved": "https://registry.npmjs.org/once/-/once-1.4.0.tgz",
			"integrity": "sha1-WDsap3WWHUsROsF9nFC6753Xa9E=",
			"requires": {
				"wrappy": "1.0.2"
			}
		},
		"param-case": {
			"version": "2.1.1",
			"resolved": "https://registry.npmjs.org/param-case/-/param-case-2.1.1.tgz",
			"integrity": "sha1-35T9jPZTHs915r75oIWPvHK+Ikc=",
			"requires": {
				"no-case": "2.3.2"
			}
		},
		"pascal-case": {
			"version": "2.0.1",
			"resolved": "https://registry.npmjs.org/pascal-case/-/pascal-case-2.0.1.tgz",
			"integrity": "sha1-LVeNNFX2YNpl7KGO+VtODekSdh4=",
			"requires": {
				"camel-case": "3.0.0",
				"upper-case-first": "1.1.2"
			}
		},
		"path-case": {
			"version": "2.1.1",
			"resolved": "https://registry.npmjs.org/path-case/-/path-case-2.1.1.tgz",
			"integrity": "sha1-lLgDfDctP+KQbkZbtF4l0ibo7qU=",
			"requires": {
				"no-case": "2.3.2"
			}
		},
		"path-is-absolute": {
			"version": "1.0.1",
			"resolved": "https://registry.npmjs.org/path-is-absolute/-/path-is-absolute-1.0.1.tgz",
			"integrity": "sha1-F0uSaHNVNP+8es5r9TpanhtcX18="
		},
		"postcss": {
			"version": "6.0.11",
			"resolved": "https://registry.npmjs.org/postcss/-/postcss-6.0.11.tgz",
			"integrity": "sha512-DsnIzznNRQprsGTALpkC0xjDygo+QcOd+qVjP9+RjyzrPiyYOXBGOwoJ4rAiiE4lu6JggQ/jW4niY24WLxuncg==",
			"requires": {
				"chalk": "2.1.0",
				"source-map": "0.5.7",
				"supports-color": "4.4.0"
			}
		},
		"postcss-scss": {
			"version": "1.0.2",
			"resolved": "https://registry.npmjs.org/postcss-scss/-/postcss-scss-1.0.2.tgz",
			"integrity": "sha1-/0XPM1S4ee6JpOtoaA9GrJuxT5Q=",
			"requires": {
				"postcss": "6.0.11"
			}
		},
		"rimraf": {
			"version": "2.6.1",
			"resolved": "https://registry.npmjs.org/rimraf/-/rimraf-2.6.1.tgz",
			"integrity": "sha1-wjOOxkPfeht/5cVPqG9XQopV8z0=",
			"requires": {
				"glob": "7.1.2"
			}
		},
		"sentence-case": {
			"version": "2.1.1",
			"resolved": "https://registry.npmjs.org/sentence-case/-/sentence-case-2.1.1.tgz",
			"integrity": "sha1-H24t2jnBaL+S0T+G1KkYkz9mftQ=",
			"requires": {
				"no-case": "2.3.2",
				"upper-case-first": "1.1.2"
			}
		},
		"snake-case": {
			"version": "2.1.0",
			"resolved": "https://registry.npmjs.org/snake-case/-/snake-case-2.1.0.tgz",
			"integrity": "sha1-Qb2xtz8w7GagTU4srRt2OH1NbZ8=",
			"requires": {
				"no-case": "2.3.2"
			}
		},
		"source-map": {
			"version": "0.5.7",
			"resolved": "https://registry.npmjs.org/source-map/-/source-map-0.5.7.tgz",
			"integrity": "sha1-igOdLRAh0i0eoUyA2OpGi6LvP8w="
		},
		"supports-color": {
			"version": "4.4.0",
			"resolved": "https://registry.npmjs.org/supports-color/-/supports-color-4.4.0.tgz",
			"integrity": "sha512-rKC3+DyXWgK0ZLKwmRsrkyHVZAjNkfzeehuFWdGGcqGDTZFH73+RH6S/RDAAxl9GusSjZSUWYLmT9N5pzXFOXQ==",
			"requires": {
				"has-flag": "2.0.0"
			}
		},
		"swap-case": {
			"version": "1.1.2",
			"resolved": "https://registry.npmjs.org/swap-case/-/swap-case-1.1.2.tgz",
			"integrity": "sha1-w5IDpFhzhfrTyFCgvRvK+ggZdOM=",
			"requires": {
				"lower-case": "1.1.4",
				"upper-case": "1.1.3"
			}
		},
		"title-case": {
			"version": "2.1.1",
			"resolved": "https://registry.npmjs.org/title-case/-/title-case-2.1.1.tgz",
			"integrity": "sha1-PhJyFtpY0rxb7PE3q5Ha46fNj6o=",
			"requires": {
				"no-case": "2.3.2",
				"upper-case": "1.1.3"
			}
		},
		"typescript": {
			"version": "2.5.2",
			"resolved": "https://registry.npmjs.org/typescript/-/typescript-2.5.2.tgz",
			"integrity": "sha1-A4qV99m7tCCxvzW6MdTFwd0//jQ="
		},
		"upper-case": {
			"version": "1.1.3",
			"resolved": "https://registry.npmjs.org/upper-case/-/upper-case-1.1.3.tgz",
			"integrity": "sha1-9rRQHC7EzdJrp4vnIilh3ndiFZg="
		},
		"upper-case-first": {
			"version": "1.1.2",
			"resolved": "https://registry.npmjs.org/upper-case-first/-/upper-case-first-1.1.2.tgz",
			"integrity": "sha1-XXm+3P8UQZUY/S7bCgUHybaFkRU=",
			"requires": {
				"upper-case": "1.1.3"
			}
		},
		"wrappy": {
			"version": "1.0.2",
			"resolved": "https://registry.npmjs.org/wrappy/-/wrappy-1.0.2.tgz",
			"integrity": "sha1-tSQ9jz7BqjXxNkYFvA0QNuMKtp8="
		}
	}
}
